{
  "requires": true,
  "lockfileVersion": 1,
  "dependencies": {
    "react-native-stopwatch-timer": {
      "version": "0.0.20",
      "resolved": "https://registry.npmjs.org/react-native-stopwatch-timer/-/react-native-stopwatch-timer-0.0.20.tgz",
      "integrity": "sha1-G63rOw2NX/AgA9ONAYxqKxf7oAs="
    }
  }
}
